Microsoft Visual Studio Solution File, Format Version 8.00
Project("{54435603-DBB4-11D2-8724-00A0C9A8B90C}") = "VFI_Setup", "VFI_Setup.vdproj", "{3FD52D9E-D305-4A89-A7EB-780D247A861B}"
	ProjectSection(ProjectDependencies) = postProject
	EndProjectSection
EndProject
Global
	GlobalSection(SolutionConfiguration) = preSolution
		Debug = Debug
		Release = Release
	EndGlobalSection
	GlobalSection(ProjectConfiguration) = postSolution
		{3FD52D9E-D305-4A89-A7EB-780D247A861B}.Debug.ActiveCfg = Debug
		{3FD52D9E-D305-4A89-A7EB-780D247A861B}.Debug.Build.0 = Debug
		{3FD52D9E-D305-4A89-A7EB-780D247A861B}.Release.ActiveCfg = Release
		{3FD52D9E-D305-4A89-A7EB-780D247A861B}.Release.Build.0 = Release
	EndGlobalSection
	GlobalSection(ExtensibilityGlobals) = postSolution
	EndGlobalSection
	GlobalSection(ExtensibilityAddIns) = postSolution
	EndGlobalSection
EndGlobal
